
Microsoft Visual Studio Solution File, Format Version 12.00
# Visual Studio Version 17
VisualStudioVersion = 17.6.33829.357
MinimumVisualStudioVersion = 10.0.40219.1
Project("{FAE04EC0-301F-11D3-BF4B-00C04F79EFBC}") = "EmployeeCrud", "EmployeeCrud.csproj", "{EA582FA1-D098-4BB7-86AB-FA4B44593798}"
EndProject
Project("{FAE04EC0-301F-11D3-BF4B-00C04F79EFBC}") = "DAL", "..\DAL\DAL.csproj", "{29F9B81F-E64A-46D2-A45A-7EA5C828EFF5}"
EndProject
Project("{FAE04EC0-301F-11D3-BF4B-00C04F79EFBC}") = "BOL", "..\BOL\BOL.csproj", "{26CCAA3A-C44C-47CC-B586-A3D2F01BCDF9}"
EndProject
Global
	GlobalSection(SolutionConfigurationPlatforms) = preSolution
		Debug|Any CPU = Debug|Any CPU
		Release|Any CPU = Release|Any CPU
	EndGlobalSection
	GlobalSection(ProjectConfigurationPlatforms) = postSolution
		{EA582FA1-D098-4BB7-86AB-FA4B44593798}.Debug|Any CPU.ActiveCfg = Debug|Any CPU
		{EA582FA1-D098-4BB7-86AB-FA4B44593798}.Debug|Any CPU.Build.0 = Debug|Any CPU
		{EA582FA1-D098-4BB7-86AB-FA4B44593798}.Release|Any CPU.ActiveCfg = Release|Any CPU
		{EA582FA1-D098-4BB7-86AB-FA4B44593798}.Release|Any CPU.Build.0 = Release|Any CPU
		{29F9B81F-E64A-46D2-A45A-7EA5C828EFF5}.Debug|Any CPU.ActiveCfg = Debug|Any CPU
		{29F9B81F-E64A-46D2-A45A-7EA5C828EFF5}.Debug|Any CPU.Build.0 = Debug|Any CPU
		{29F9B81F-E64A-46D2-A45A-7EA5C828EFF5}.Release|Any CPU.ActiveCfg = Release|Any CPU
		{29F9B81F-E64A-46D2-A45A-7EA5C828EFF5}.Release|Any CPU.Build.0 = Release|Any CPU
		{26CCAA3A-C44C-47CC-B586-A3D2F01BCDF9}.Debug|Any CPU.ActiveCfg = Debug|Any CPU
		{26CCAA3A-C44C-47CC-B586-A3D2F01BCDF9}.Debug|Any CPU.Build.0 = Debug|Any CPU
		{26CCAA3A-C44C-47CC-B586-A3D2F01BCDF9}.Release|Any CPU.ActiveCfg = Release|Any CPU
		{26CCAA3A-C44C-47CC-B586-A3D2F01BCDF9}.Release|Any CPU.Build.0 = Release|Any CPU
	EndGlobalSection
	GlobalSection(SolutionProperties) = preSolution
		HideSolutionNode = FALSE
	EndGlobalSection
	GlobalSection(ExtensibilityGlobals) = postSolution
		SolutionGuid = {D3771A31-479C-41B0-8F84-79AA2CD601A8}
	EndGlobalSection
EndGlobal
